
Microsoft Visual Studio Solution File, Format Version 12.00
# Visual Studio Version 16
VisualStudioVersion = 16.0.32901.82
MinimumVisualStudioVersion = 10.0.40219.1
Project("{9A19103F-16F7-4668-BE54-9A1E7A4F7556}") = "TEST_APP_MVC", "TEST_APP_MVC\TEST_APP_MVC.csproj", "{B23F4245-90F6-4234-8B42-7C94AD4FBE80}"
EndProject
Global
	GlobalSection(SolutionConfigurationPlatforms) = preSolution
		Debug|Any CPU = Debug|Any CPU
		Release|Any CPU = Release|Any CPU
	EndGlobalSection
	GlobalSection(ProjectConfigurationPlatforms) = postSolution
		{B23F4245-90F6-4234-8B42-7C94AD4FBE80}.Debug|Any CPU.ActiveCfg = Debug|Any CPU
		{B23F4245-90F6-4234-8B42-7C94AD4FBE80}.Debug|Any CPU.Build.0 = Debug|Any CPU
		{B23F4245-90F6-4234-8B42-7C94AD4FBE80}.Release|Any CPU.ActiveCfg = Release|Any CPU
		{B23F4245-90F6-4234-8B42-7C94AD4FBE80}.Release|Any CPU.Build.0 = Release|Any CPU
	EndGlobalSection
	GlobalSection(SolutionProperties) = preSolution
		HideSolutionNode = FALSE
	EndGlobalSection
	GlobalSection(ExtensibilityGlobals) = postSolution
		SolutionGuid = {1286C942-85B2-4D4E-A3CE-774AE8F4B3F9}
	EndGlobalSection
EndGlobal
